<?xml version="1.0" encoding="utf-8"?>
<Project ToolsVersion="4.0" xmlns="http://schemas.microsoft.com/developer/msbuild/2003">
  <ItemGroup>
    <Filter Include="Objects">
      <UniqueIdentifier>{5e2f209d-3f14-4e3c-b714-9eb7d75e4cdc}</UniqueIdentifier>
    </Filter>
    <Filter Include="Objects\CPP">
      <UniqueIdentifier>{00bcca47-ed56-42f2-86cb-7bef03b25fd9}</UniqueIdentifier>
    </Filter>
    <Filter Include="Objects\H">
      <UniqueIdentifier>{47d6438c-32de-4600-afcf-43cb9ef929a7}</UniqueIdentifier>
    </Filter>
    <Filter Include="Network">
      <UniqueIdentifier>{d9ffcf2f-7c0a-4cc7-a1c6-a6f406cddefc}</UniqueIdentifier>
    </Filter>
    <Filter Include="Network\CPP">
      <UniqueIdentifier>{c4f27b20-6195-473a-804e-5cc5b6164aa4}</UniqueIdentifier>
    </Filter>
    <Filter Include="Network\H">
      <UniqueIdentifier>{09624379-e8d4-47e0-9eb5-cefa5f908a40}</UniqueIdentifier>
    </Filter>
    <Filter Include="Handlers">
      <UniqueIdentifier>{8d82f863-044d-4e8c-b355-e3ccf940bdd8}</UniqueIdentifier>
    </Filter>
    <Filter Include="Models">
      <UniqueIdentifier>{24aaf37d-9164-41cd-9833-f7d639c039a5}</UniqueIdentifier>
    </Filter>
    <Filter Include="Desperion">
      <UniqueIdentifier>{d9856c9b-b3ae-4a41-8c48-814c409b3e59}</UniqueIdentifier>
    </Filter>
    <Filter Include="Desperion\CPP">
      <UniqueIdentifier>{3801850a-fbf8-418e-98df-46eeb4e60202}</UniqueIdentifier>
    </Filter>
    <Filter Include="Desperion\H">
      <UniqueIdentifier>{63153bd4-1ea0-480c-832c-e7e28a255da6}</UniqueIdentifier>
    </Filter>
    <Filter Include="Messages">
      <UniqueIdentifier>{fa1f2ea0-6856-4f7a-b405-c471d58c028e}</UniqueIdentifier>
    </Filter>
    <Filter Include="Models\CPP">
      <UniqueIdentifier>{bc30548d-cdcc-4f9a-97f0-71dd0db6e58c}</UniqueIdentifier>
    </Filter>
    <Filter Include="Models\H">
      <UniqueIdentifier>{883d13b7-526a-4eb3-8e28-81914d6f29dd}</UniqueIdentifier>
    </Filter>
  </ItemGroup>
  <ItemGroup>
    <ClCompile Include="main.cpp">
      <Filter>Desperion\CPP</Filter>
    </ClCompile>
    <ClCompile Include="StdAfx.cpp">
      <Filter>Desperion\CPP</Filter>
    </ClCompile>
    <ClCompile Include="World.cpp">
      <Filter>Desperion\CPP</Filter>
    </ClCompile>
    <ClCompile Include="Session.cpp">
      <Filter>Network\CPP</Filter>
    </ClCompile>
    <ClCompile Include="Character.cpp">
      <Filter>Objects\CPP</Filter>
    </ClCompile>
    <ClCompile Include="CharacterHandler.cpp">
      <Filter>Handlers</Filter>
    </ClCompile>
    <ClCompile Include="GameClient.cpp">
      <Filter>Network\CPP</Filter>
    </ClCompile>
    <ClCompile Include="Item.cpp">
      <Filter>Objects\CPP</Filter>
    </ClCompile>
    <ClCompile Include="Weapon.cpp">
      <Filter>Objects\CPP</Filter>
    </ClCompile>
    <ClCompile Include="PlayerItem.cpp">
      <Filter>Objects\CPP</Filter>
    </ClCompile>
    <ClCompile Include="ContextHandler.cpp">
      <Filter>Handlers</Filter>
    </ClCompile>
    <ClCompile Include="Master.cpp">
      <Filter>Desperion\CPP</Filter>
    </ClCompile>
    <ClCompile Include="CharacterMinimals.cpp">
      <Filter>Objects\CPP</Filter>
    </ClCompile>
    <ClCompile Include="Map.cpp">
      <Filter>Objects\CPP</Filter>
    </ClCompile>
    <ClCompile Include="Entity.cpp">
      <Filter>Objects\CPP</Filter>
    </ClCompile>
    <ClCompile Include="GameContextActorInformations.cpp">
      <Filter>Models\CPP</Filter>
    </ClCompile>
    <ClCompile Include="GameRolePlayCharacterInformations.cpp">
      <Filter>Models\CPP</Filter>
    </ClCompile>
    <ClCompile Include="GameRolePlayNamedActorInformations.cpp">
      <Filter>Models\CPP</Filter>
    </ClCompile>
    <ClCompile Include="GameRolePlayHumanoidInformations.cpp">
      <Filter>Models\CPP</Filter>
    </ClCompile>
    <ClCompile Include="ActorRestrictionsInformations.cpp">
      <Filter>Models\CPP</Filter>
    </ClCompile>
    <ClCompile Include="CharacterBaseInformations.cpp">
      <Filter>Models\CPP</Filter>
    </ClCompile>
    <ClCompile Include="CharacterMinimalPlusLookInformations.cpp">
      <Filter>Models\CPP</Filter>
    </ClCompile>
    <ClCompile Include="EntityLook.cpp">
      <Filter>Models\CPP</Filter>
    </ClCompile>
    <ClCompile Include="HumanInformations.cpp">
      <Filter>Models\CPP</Filter>
    </ClCompile>
    <ClCompile Include="CharacterCharacteristicsInformations.cpp">
      <Filter>Models\CPP</Filter>
    </ClCompile>
    <ClCompile Include="Path.cpp">
      <Filter>Desperion\CPP</Filter>
    </ClCompile>
    <ClCompile Include="ObjectEffect.cpp">
      <Filter>Models\CPP</Filter>
    </ClCompile>
    <ClCompile Include="ObjectEffectDice.cpp">
      <Filter>Models\CPP</Filter>
    </ClCompile>
    <ClCompile Include="ObjectEffectInteger.cpp">
      <Filter>Models\CPP</Filter>
    </ClCompile>
  </ItemGroup>
  <ItemGroup>
    <ClInclude Include="StdAfx.h">
      <Filter>Desperion\H</Filter>
    </ClInclude>
    <ClInclude Include="World.h">
      <Filter>Desperion\H</Filter>
    </ClInclude>
    <ClInclude Include="Session.h">
      <Filter>Network\H</Filter>
    </ClInclude>
    <ClInclude Include="ConfigDefaults.h">
      <Filter>Desperion\H</Filter>
    </ClInclude>
    <ClInclude Include="Character.h">
      <Filter>Objects\H</Filter>
    </ClInclude>
    <ClInclude Include="GameClient.h">
      <Filter>Network\H</Filter>
    </ClInclude>
    <ClInclude Include="Item.h">
      <Filter>Objects\H</Filter>
    </ClInclude>
    <ClInclude Include="Weapon.h">
      <Filter>Objects\H</Filter>
    </ClInclude>
    <ClInclude Include="PlayerItem.h">
      <Filter>Objects\H</Filter>
    </ClInclude>
    <ClInclude Include="CharacterStats.h">
      <Filter>Objects\H</Filter>
    </ClInclude>
    <ClInclude Include="CharacterMinimals.h">
      <Filter>Objects\H</Filter>
    </ClInclude>
    <ClInclude Include="Master.h">
      <Filter>Desperion\H</Filter>
    </ClInclude>
    <ClInclude Include="AuthenticationTicketMessage.h">
      <Filter>Messages</Filter>
    </ClInclude>
    <ClInclude Include="AuthenticationTicketRefusedMessage.h">
      <Filter>Messages</Filter>
    </ClInclude>
    <ClInclude Include="AuthenticationTicketAcceptedMessage.h">
      <Filter>Messages</Filter>
    </ClInclude>
    <ClInclude Include="AccountCapabilitiesMessage.h">
      <Filter>Messages</Filter>
    </ClInclude>
    <ClInclude Include="CharactersListRequestMessage.h">
      <Filter>Messages</Filter>
    </ClInclude>
    <ClInclude Include="CharactersListMessage.h">
      <Filter>Messages</Filter>
    </ClInclude>
    <ClInclude Include="CharacterDeletionRequestMessage.h">
      <Filter>Messages</Filter>
    </ClInclude>
    <ClInclude Include="CharacterDeletionErrorMessage.h">
      <Filter>Messages</Filter>
    </ClInclude>
    <ClInclude Include="CharacterNameSuggestionRequestMessage.h">
      <Filter>Messages</Filter>
    </ClInclude>
    <ClInclude Include="ServerOptionalFeaturesMessage.h">
      <Filter>Messages</Filter>
    </ClInclude>
    <ClInclude Include="HelloGame.h">
      <Filter>Messages</Filter>
    </ClInclude>
    <ClInclude Include="CharacterNameSuggestionFailureMessage.h">
      <Filter>Messages</Filter>
    </ClInclude>
    <ClInclude Include="CharacterNameSuggestionSuccessMessage.h">
      <Filter>Messages</Filter>
    </ClInclude>
    <ClInclude Include="CharacterSelectionMessage.h">
      <Filter>Messages</Filter>
    </ClInclude>
    <ClInclude Include="CharacterSelectedErrorMessage.h">
      <Filter>Messages</Filter>
    </ClInclude>
    <ClInclude Include="CharacterSelectedSuccessMessage.h">
      <Filter>Messages</Filter>
    </ClInclude>
    <ClInclude Include="CharacterCreationRequestMessage.h">
      <Filter>Messages</Filter>
    </ClInclude>
    <ClInclude Include="Map.h">
      <Filter>Objects\H</Filter>
    </ClInclude>
    <ClInclude Include="Entity.h">
      <Filter>Objects\H</Filter>
    </ClInclude>
    <ClInclude Include="GameContextDestroyMessage.h">
      <Filter>Messages</Filter>
    </ClInclude>
    <ClInclude Include="GameContextCreateRequestMessage.h">
      <Filter>Messages</Filter>
    </ClInclude>
    <ClInclude Include="GameContextCreateMessage.h">
      <Filter>Messages</Filter>
    </ClInclude>
    <ClInclude Include="InventoryContentMessage.h">
      <Filter>Messages</Filter>
    </ClInclude>
    <ClInclude Include="InventoryWeightMessage.h">
      <Filter>Messages</Filter>
    </ClInclude>
    <ClInclude Include="CurrentMapMessage.h">
      <Filter>Messages</Filter>
    </ClInclude>
    <ClInclude Include="TextInformationMessage.h">
      <Filter>Messages</Filter>
    </ClInclude>
    <ClInclude Include="MapInformationsRequestMessage.h">
      <Filter>Messages</Filter>
    </ClInclude>
    <ClInclude Include="MapComplementaryInformationsDataMessage.h">
      <Filter>Messages</Filter>
    </ClInclude>
    <ClInclude Include="GameContextActorInformations.h">
      <Filter>Models\H</Filter>
    </ClInclude>
    <ClInclude Include="GameRolePlayActorInformations.h">
      <Filter>Models\H</Filter>
    </ClInclude>
    <ClInclude Include="GameRolePlayCharacterInformations.h">
      <Filter>Models\H</Filter>
    </ClInclude>
    <ClInclude Include="GameRolePlayNamedActorInformations.h">
      <Filter>Models\H</Filter>
    </ClInclude>
    <ClInclude Include="GameRolePlayHumanoidInformations.h">
      <Filter>Models\H</Filter>
    </ClInclude>
    <ClInclude Include="ActorAlignmentInformations.h">
      <Filter>Models\H</Filter>
    </ClInclude>
    <ClInclude Include="ActorRestrictionsInformations.h">
      <Filter>Models\H</Filter>
    </ClInclude>
    <ClInclude Include="CharacterBaseInformations.h">
      <Filter>Models\H</Filter>
    </ClInclude>
    <ClInclude Include="CharacterMinimalInformations.h">
      <Filter>Models\H</Filter>
    </ClInclude>
    <ClInclude Include="CharacterMinimalPlusLookInformations.h">
      <Filter>Models\H</Filter>
    </ClInclude>
    <ClInclude Include="EntityLook.h">
      <Filter>Models\H</Filter>
    </ClInclude>
    <ClInclude Include="HumanInformations.h">
      <Filter>Models\H</Filter>
    </ClInclude>
    <ClInclude Include="EntityDispositionInformations.h">
      <Filter>Models\H</Filter>
    </ClInclude>
    <ClInclude Include="CharacterStatsListMessage.h">
      <Filter>Messages</Filter>
    </ClInclude>
    <ClInclude Include="CharacterCharacteristicsInformations.h">
      <Filter>Models\H</Filter>
    </ClInclude>
    <ClInclude Include="ActorExtendedAlignmentInformations.h">
      <Filter>Models\H</Filter>
    </ClInclude>
    <ClInclude Include="CharacterBaseCharacteristic.h">
      <Filter>Models\H</Filter>
    </ClInclude>
    <ClInclude Include="GameMapMovementRequestMessage.h">
      <Filter>Messages</Filter>
    </ClInclude>
    <ClInclude Include="GameMapMovementMessage.h">
      <Filter>Messages</Filter>
    </ClInclude>
    <ClInclude Include="GameMapMovementConfirmMessage.h">
      <Filter>Messages</Filter>
    </ClInclude>
    <ClInclude Include="ChangeMapMessage.h">
      <Filter>Messages</Filter>
    </ClInclude>
    <ClInclude Include="BasicNoOperationMessage.h">
      <Filter>Messages</Filter>
    </ClInclude>
    <ClInclude Include="AdminCommandMessage.h">
      <Filter>Messages</Filter>
    </ClInclude>
    <ClInclude Include="AdminQuietCommandMessage.h">
      <Filter>Messages</Filter>
    </ClInclude>
    <ClInclude Include="GameRolePlayShowActorMessage.h">
      <Filter>Messages</Filter>
    </ClInclude>
    <ClInclude Include="GameContextRemoveElementMessage.h">
      <Filter>Messages</Filter>
    </ClInclude>
    <ClInclude Include="Path.h">
      <Filter>Desperion\H</Filter>
    </ClInclude>
    <ClInclude Include="ObjectEffectDice.h">
      <Filter>Models\H</Filter>
    </ClInclude>
    <ClInclude Include="ObjectEffectInteger.h">
      <Filter>Models\H</Filter>
    </ClInclude>
    <ClInclude Include="ObjectEffect.h">
      <Filter>Models\H</Filter>
    </ClInclude>
  </ItemGroup>
</Project>